# This file is automatically @generated by Cargo.
# It is not intended for manual editing.
version = 4

[[package]]
name = "deepmsg-archive"
version = "0.1.0"
dependencies = [
 "deepmsg-client",
 "deepmsg-codec",
 "deepmsg-core",
]

[[package]]
name = "deepmsg-bench"
version = "0.1.0"
dependencies = [
 "deepmsg-client",
 "deepmsg-core",
]

[[package]]
name = "deepmsg-client"
version = "0.1.0"
dependencies = [
 "deepmsg-cnc",
 "deepmsg-core",
]

[[package]]
name = "deepmsg-cnc"
version = "0.1.0"
dependencies = [
 "deepmsg-core",
]

[[package]]
name = "deepmsg-codec"
version = "0.1.0"

[[package]]
name = "deepmsg-core"
version = "0.1.0"
dependencies = [
 "libc",
]

[[package]]
name = "deepmsg-driver"
version = "0.1.0"
dependencies = [
 "deepmsg-cnc",
 "deepmsg-core",
]

[[package]]
name = "deepmsg-examples"
version = "0.1.0"
dependencies = [
 "deepmsg-client",
]

[[package]]
name = "deepmsg-tests"
version = "0.1.0"
dependencies = [
 "deepmsg-client",
 "deepmsg-cnc",
 "deepmsg-core",
 "deepmsg-driver",
]

[[package]]
name = "deepmsg-tools"
version = "0.1.0"
dependencies = [
 "deepmsg-archive",
 "deepmsg-cnc",
 "deepmsg-core",
]

[[package]]
name = "libc"
version = "0.2.189"
source = "registry+https://github.com/rust-lang/crates.io-index"
checksum = "3eaf3ede3fee6db1a4c2ee091bf8a8b4dccdc6d17f656fb07896ee72867612f2"
