# This file is automatically @generated by Cargo.
# It is not intended for manual editing.
version = 4

[[package]]
name = "deepmsg-archive"
version = "0.1.0"
dependencies = [
 "deepmsg-client",
 "deepmsg-codec",
 "deepmsg-core",
]

[[package]]
name = "deepmsg-bench"
version = "0.1.0"
dependencies = [
 "deepmsg-client",
 "deepmsg-core",
]

[[package]]
name = "deepmsg-client"
version = "0.1.0"
dependencies = [
 "deepmsg-cnc",
 "deepmsg-core",
]

[[package]]
name = "deepmsg-cnc"
version = "0.1.0"
dependencies = [
 "deepmsg-core",
]

[[package]]
name = "deepmsg-codec"
version = "0.1.0"

[[package]]
name = "deepmsg-core"
version = "0.1.0"

[[package]]
name = "deepmsg-driver"
version = "0.1.0"
dependencies = [
 "deepmsg-cnc",
 "deepmsg-core",
]

[[package]]
name = "deepmsg-examples"
version = "0.1.0"
dependencies = [
 "deepmsg-client",
]

[[package]]
name = "deepmsg-tests"
version = "0.1.0"
dependencies = [
 "deepmsg-client",
 "deepmsg-core",
 "deepmsg-driver",
]

[[package]]
name = "deepmsg-tools"
version = "0.1.0"
dependencies = [
 "deepmsg-archive",
 "deepmsg-cnc",
 "deepmsg-core",
]
